
Microsoft Visual Studio Solution File, Format Version 12.00
# Visual Studio Version 17
VisualStudioVersion = 17.8.34316.72
MinimumVisualStudioVersion = 10.0.40219.1
Project("{9A19103F-16F7-4668-BE54-9A1E7A4F7556}") = "SearchWebAPI", "SearchWebAPI\SearchWebAPI.csproj", "{368336E6-7082-4E57-A75D-47421E34CC0F}"
EndProject
Project("{9A19103F-16F7-4668-BE54-9A1E7A4F7556}") = "SampleLibrary", "..\SampleLibrary\SampleLibrary.csproj", "{0876FBCD-8AF3-4391-810B-5E4586B3FE39}"
EndProject
Global
	GlobalSection(SolutionConfigurationPlatforms) = preSolution
		Debug|Any CPU = Debug|Any CPU
		Release|Any CPU = Release|Any CPU
	EndGlobalSection
	GlobalSection(ProjectConfigurationPlatforms) = postSolution
		{368336E6-7082-4E57-A75D-47421E34CC0F}.Debug|Any CPU.ActiveCfg = Debug|Any CPU
		{368336E6-7082-4E57-A75D-47421E34CC0F}.Debug|Any CPU.Build.0 = Debug|Any CPU
		{368336E6-7082-4E57-A75D-47421E34CC0F}.Release|Any CPU.ActiveCfg = Release|Any CPU
		{368336E6-7082-4E57-A75D-47421E34CC0F}.Release|Any CPU.Build.0 = Release|Any CPU
		{0876FBCD-8AF3-4391-810B-5E4586B3FE39}.Debug|Any CPU.ActiveCfg = Debug|Any CPU
		{0876FBCD-8AF3-4391-810B-5E4586B3FE39}.Debug|Any CPU.Build.0 = Debug|Any CPU
		{0876FBCD-8AF3-4391-810B-5E4586B3FE39}.Release|Any CPU.ActiveCfg = Release|Any CPU
		{0876FBCD-8AF3-4391-810B-5E4586B3FE39}.Release|Any CPU.Build.0 = Release|Any CPU
	EndGlobalSection
	GlobalSection(SolutionProperties) = preSolution
		HideSolutionNode = FALSE
	EndGlobalSection
	GlobalSection(ExtensibilityGlobals) = postSolution
		SolutionGuid = {996D6C4E-8D84-4F34-B9AD-FFE76501FDB5}
	EndGlobalSection
EndGlobal
