
Microsoft Visual Studio Solution File, Format Version 12.00
# Visual Studio Version 17
VisualStudioVersion = 17.8.34316.72
MinimumVisualStudioVersion = 10.0.40219.1
Project("{9A19103F-16F7-4668-BE54-9A1E7A4F7556}") = "EFGetStarted", "EFGetStarted.csproj", "{F4C9E571-1661-45A7-A763-04CB9F4CE401}"
EndProject
Global
	GlobalSection(SolutionConfigurationPlatforms) = preSolution
		Debug|Any CPU = Debug|Any CPU
		Release|Any CPU = Release|Any CPU
	EndGlobalSection
	GlobalSection(ProjectConfigurationPlatforms) = postSolution
		{F4C9E571-1661-45A7-A763-04CB9F4CE401}.Debug|Any CPU.ActiveCfg = Debug|Any CPU
		{F4C9E571-1661-45A7-A763-04CB9F4CE401}.Debug|Any CPU.Build.0 = Debug|Any CPU
		{F4C9E571-1661-45A7-A763-04CB9F4CE401}.Release|Any CPU.ActiveCfg = Release|Any CPU
		{F4C9E571-1661-45A7-A763-04CB9F4CE401}.Release|Any CPU.Build.0 = Release|Any CPU
	EndGlobalSection
	GlobalSection(SolutionProperties) = preSolution
		HideSolutionNode = FALSE
	EndGlobalSection
	GlobalSection(ExtensibilityGlobals) = postSolution
		SolutionGuid = {AF3F2C4F-B1F1-4271-AA5B-4006B63203D7}
	EndGlobalSection
EndGlobal
