
Microsoft Visual Studio Solution File, Format Version 12.00
# Visual Studio Version 17
VisualStudioVersion = 17.0.31903.59
MinimumVisualStudioVersion = 10.0.40219.1
Project("{FAE04EC0-301F-11D3-BF4B-00C04F79EFBC}") = "SampleLibrary", "SampleLibrary\SampleLibrary.csproj", "{A7B9FF7C-1BB7-4C74-AA7E-29E34D2116D4}"
EndProject
Project("{FAE04EC0-301F-11D3-BF4B-00C04F79EFBC}") = "SampleLibrary.Test", "SampleLibrary.Test\SampleLibrary.Test.csproj", "{E73D1629-E575-461B-81E6-2C6B7BF77E2F}"
EndProject
Global
	GlobalSection(SolutionConfigurationPlatforms) = preSolution
		Debug|Any CPU = Debug|Any CPU
		Release|Any CPU = Release|Any CPU
	EndGlobalSection
	GlobalSection(SolutionProperties) = preSolution
		HideSolutionNode = FALSE
	EndGlobalSection
	GlobalSection(ProjectConfigurationPlatforms) = postSolution
		{A7B9FF7C-1BB7-4C74-AA7E-29E34D2116D4}.Debug|Any CPU.ActiveCfg = Debug|Any CPU
		{A7B9FF7C-1BB7-4C74-AA7E-29E34D2116D4}.Debug|Any CPU.Build.0 = Debug|Any CPU
		{A7B9FF7C-1BB7-4C74-AA7E-29E34D2116D4}.Release|Any CPU.ActiveCfg = Release|Any CPU
		{A7B9FF7C-1BB7-4C74-AA7E-29E34D2116D4}.Release|Any CPU.Build.0 = Release|Any CPU
		{E73D1629-E575-461B-81E6-2C6B7BF77E2F}.Debug|Any CPU.ActiveCfg = Debug|Any CPU
		{E73D1629-E575-461B-81E6-2C6B7BF77E2F}.Debug|Any CPU.Build.0 = Debug|Any CPU
		{E73D1629-E575-461B-81E6-2C6B7BF77E2F}.Release|Any CPU.ActiveCfg = Release|Any CPU
		{E73D1629-E575-461B-81E6-2C6B7BF77E2F}.Release|Any CPU.Build.0 = Release|Any CPU
	EndGlobalSection
EndGlobal
